
Microsoft Visual Studio Solution File, Format Version 12.00
# Visual Studio Version 16
VisualStudioVersion = 16.0.31019.35
MinimumVisualStudioVersion = 10.0.40219.1
Project("{9A19103F-16F7-4668-BE54-9A1E7A4F7556}") = "DZ4", "DZ4\DZ4.csproj", "{15C2D8BC-AD39-4CDB-BB30-029B0BF42691}"
EndProject
Project("{FAE04EC0-301F-11D3-BF4B-00C04F79EFBC}") = "DZ4.2", "DZ4.2\DZ4.2.csproj", "{5C583A64-C285-421A-9B89-7A14EF9DC20F}"
EndProject
Global
	GlobalSection(SolutionConfigurationPlatforms) = preSolution
		Debug|Any CPU = Debug|Any CPU
		Release|Any CPU = Release|Any CPU
	EndGlobalSection
	GlobalSection(ProjectConfigurationPlatforms) = postSolution
		{15C2D8BC-AD39-4CDB-BB30-029B0BF42691}.Debug|Any CPU.ActiveCfg = Debug|Any CPU
		{15C2D8BC-AD39-4CDB-BB30-029B0BF42691}.Debug|Any CPU.Build.0 = Debug|Any CPU
		{15C2D8BC-AD39-4CDB-BB30-029B0BF42691}.Release|Any CPU.ActiveCfg = Release|Any CPU
		{15C2D8BC-AD39-4CDB-BB30-029B0BF42691}.Release|Any CPU.Build.0 = Release|Any CPU
		{5C583A64-C285-421A-9B89-7A14EF9DC20F}.Debug|Any CPU.ActiveCfg = Debug|Any CPU
		{5C583A64-C285-421A-9B89-7A14EF9DC20F}.Debug|Any CPU.Build.0 = Debug|Any CPU
		{5C583A64-C285-421A-9B89-7A14EF9DC20F}.Release|Any CPU.ActiveCfg = Release|Any CPU
		{5C583A64-C285-421A-9B89-7A14EF9DC20F}.Release|Any CPU.Build.0 = Release|Any CPU
	EndGlobalSection
	GlobalSection(SolutionProperties) = preSolution
		HideSolutionNode = FALSE
	EndGlobalSection
	GlobalSection(ExtensibilityGlobals) = postSolution
		SolutionGuid = {C97EA4D4-59E6-437C-B894-DD1221CCED0B}
	EndGlobalSection
EndGlobal
